// !$*UTF8*$!
{
	archiveVersion = 1;
	classes = {
	};
	objectVersion = 50;
	objects = {

/* Begin PBXBuildFile section */
		6139B64424CBEB6B00D9ACFA /* AppDelegate.swift in Sources */ = {isa = PBXBuildFile; fileRef = 6139B64324CBEB6B00D9ACFA /* AppDelegate.swift */; };
		6139B64624CBEB6B00D9ACFA /* SceneDelegate.swift in Sources */ = {isa = PBXBuildFile; fileRef = 6139B64524CBEB6B00D9ACFA /* SceneDelegate.swift */; };
		6139B64B24CBEB6B00D9ACFA /* Main.storyboard in Resources */ = {isa = PBXBuildFile; fileRef = 6139B64924CBEB6B00D9ACFA /* Main.storyboard */; };
		6139B64D24CBEB6C00D9ACFA /* Assets.xcassets in Resources */ = {isa = PBXBuildFile; fileRef = 6139B64C24CBEB6C00D9ACFA /* Assets.xcassets */; };
		6139B65024CBEB6C00D9ACFA /* LaunchScreen.storyboard in Resources */ = {isa = PBXBuildFile; fileRef = 6139B64E24CBEB6C00D9ACFA /* LaunchScreen.storyboard */; };
		6139B65B24CBEB6D00D9ACFA /* TrellCloneTests.swift in Sources */ = {isa = PBXBuildFile; fileRef = 6139B65A24CBEB6D00D9ACFA /* TrellCloneTests.swift */; };
		6139B66624CBEB6D00D9ACFA /* TrellCloneUITests.swift in Sources */ = {isa = PBXBuildFile; fileRef = 6139B66524CBEB6D00D9ACFA /* TrellCloneUITests.swift */; };
		6139B67424CBEC3700D9ACFA /* CollectionViewController.swift in Sources */ = {isa = PBXBuildFile; fileRef = 6139B67324CBEC3700D9ACFA /* CollectionViewController.swift */; };
		6139B67624CBEF5200D9ACFA /* CollectionViewCell.swift in Sources */ = {isa = PBXBuildFile; fileRef = 6139B67524CBEF5200D9ACFA /* CollectionViewCell.swift */; };
/* End PBXBuildFile section */

/* Begin PBXContainerItemProxy section */
		6139B65724CBEB6D00D9ACFA /* PBXContainerItemProxy */ = {
			isa = PBXContainerItemProxy;
			containerPortal = 6139B63824CBEB6B00D9ACFA /* Project object */;
			proxyType = 1;
			remoteGlobalIDString = 6139B63F24CBEB6B00D9ACFA;
			remoteInfo = TrellClone;
		};
		6139B66224CBEB6D00D9ACFA /* PBXContainerItemProxy */ = {
			isa = PBXContainerItemProxy;
			containerPortal = 6139B63824CBEB6B00D9ACFA /* Project object */;
			proxyType = 1;
			remoteGlobalIDString = 6139B63F24CBEB6B00D9ACFA;
			remoteInfo = TrellClone;
		};
/* End PBXContainerItemProxy section */

/* Begin PBXFileReference section */
		6139B64024CBEB6B00D9ACFA /* TrellClone.app */ = {isa = PBXFileReference; explicitFileType = wrapper.application; includeInIndex = 0; path = TrellClone.app; sourceTree = BUILT_PRODUCTS_DIR; };
		6139B64324CBEB6B00D9ACFA /* AppDelegate.swift */ = {isa = PBXFileReference; lastKnownFileType = sourcecode.swift; path = AppDelegate.swift; sourceTree = "<group>"; };
		6139B64524CBEB6B00D9ACFA /* SceneDelegate.swift */ = {isa = PBXFileReference; lastKnownFileType = sourcecode.swift; path = SceneDelegate.swift; sourceTree = "<group>"; };
		6139B64A24CBEB6B00D9ACFA /* Base */ = {isa = PBXFileReference; lastKnownFileType = file.storyboard; name = Base; path = Base.lproj/Main.storyboard; sourceTree = "<group>"; };
		6139B64C24CBEB6C00D9ACFA /* Assets.xcassets */ = {isa = PBXFileReference; lastKnownFileType = folder.assetcatalog; path = Assets.xcassets; sourceTree = "<group>"; };
		6139B64F24CBEB6C00D9ACFA /* Base */ = {isa = PBXFileReference; lastKnownFileType = file.storyboard; name = Base; path = Base.lproj/LaunchScreen.storyboard; sourceTree = "<group>"; };
		6139B65124CBEB6C00D9ACFA /* Info.plist */ = {isa = PBXFileReference; lastKnownFileType = text.plist.xml; path = Info.plist; sourceTree = "<group>"; };
		6139B65624CBEB6D00D9ACFA /* TrellCloneTests.xctest */ = {isa = PBXFileReference; explicitFileType = wrapper.cfbundle; includeInIndex = 0; path = TrellCloneTests.xctest; sourceTree = BUILT_PRODUCTS_DIR; };
		6139B65A24CBEB6D00D9ACFA /* TrellCloneTests.swift */ = {isa = PBXFileReference; lastKnownFileType = sourcecode.swift; path = TrellCloneTests.swift; sourceTree = "<group>"; };
		6139B65C24CBEB6D00D9ACFA /* Info.plist */ = {isa = PBXFileReference; lastKnownFileType = text.plist.xml; path = Info.plist; sourceTree = "<group>"; };
		6139B66124CBEB6D00D9ACFA /* TrellCloneUITests.xctest */ = {isa = PBXFileReference; explicitFileType = wrapper.cfbundle; includeInIndex = 0; path = TrellCloneUITests.xctest; sourceTree = BUILT_PRODUCTS_DIR; };
		6139B66524CBEB6D00D9ACFA /* TrellCloneUITests.swift */ = {isa = PBXFileReference; lastKnownFileType = sourcecode.swift; path = TrellCloneUITests.swift; sourceTree = "<group>"; };
		6139B66724CBEB6D00D9ACFA /* Info.plist */ = {isa = PBXFileReference; lastKnownFileType = text.plist.xml; path = Info.plist; sourceTree = "<group>"; };
		6139B67324CBEC3700D9ACFA /* CollectionViewController.swift */ = {isa = PBXFileReference; lastKnownFileType = sourcecode.swift; path = CollectionViewController.swift; sourceTree = "<group>"; };
		6139B67524CBEF5200D9ACFA /* CollectionViewCell.swift */ = {isa = PBXFileReference; lastKnownFileType = sourcecode.swift; path = CollectionViewCell.swift; sourceTree = "<group>"; };
/* End PBXFileReference section */

/* Begin PBXFrameworksBuildPhase section */
		6139B63D24CBEB6B00D9ACFA /* Frameworks */ = {
			isa = PBXFrameworksBuildPhase;
			buildActionMask = 2147483647;
			files = (
			);
			runOnlyForDeploymentPostprocessing = 0;
		};
		6139B65324CBEB6D00D9ACFA /* Frameworks */ = {
			isa = PBXFrameworksBuildPhase;
			buildActionMask = 2147483647;
			files = (
			);
			runOnlyForDeploymentPostprocessing = 0;
		};
		6139B65E24CBEB6D00D9ACFA /* Frameworks */ = {
			isa = PBXFrameworksBuildPhase;
			buildActionMask = 2147483647;
			files = (
			);
			runOnlyForDeploymentPostprocessing = 0;
		};
/* End PBXFrameworksBuildPhase section */

/* Begin PBXGroup section */
		6139B63724CBEB6B00D9ACFA = {
			isa = PBXGroup;
			children = (
				6139B64224CBEB6B00D9ACFA /* TrellClone */,
				6139B65924CBEB6D00D9ACFA /* TrellCloneTests */,
				6139B66424CBEB6D00D9ACFA /* TrellCloneUITests */,
				6139B64124CBEB6B00D9ACFA /* Products */,
			);
			sourceTree = "<group>";
		};
		6139B64124CBEB6B00D9ACFA /* Products */ = {
			isa = PBXGroup;
			children = (
				6139B64024CBEB6B00D9ACFA /* TrellClone.app */,
				6139B65624CBEB6D00D9ACFA /* TrellCloneTests.xctest */,
				6139B66124CBEB6D00D9ACFA /* TrellCloneUITests.xctest */,
			);
			name = Products;
			sourceTree = "<group>";
		};
		6139B64224CBEB6B00D9ACFA /* TrellClone */ = {
			isa = PBXGroup;
			children = (
				6139B64324CBEB6B00D9ACFA /* AppDelegate.swift */,
				6139B64524CBEB6B00D9ACFA /* SceneDelegate.swift */,
				6139B64924CBEB6B00D9ACFA /* Main.storyboard */,
				6139B64C24CBEB6C00D9ACFA /* Assets.xcassets */,
				6139B64E24CBEB6C00D9ACFA /* LaunchScreen.storyboard */,
				6139B65124CBEB6C00D9ACFA /* Info.plist */,
				6139B67324CBEC3700D9ACFA /* CollectionViewController.swift */,
				6139B67524CBEF5200D9ACFA /* CollectionViewCell.swift */,
			);
			path = TrellClone;
			sourceTree = "<group>";
		};
		6139B65924CBEB6D00D9ACFA /* TrellCloneTests */ = {
			isa = PBXGroup;
			children = (
				6139B65A24CBEB6D00D9ACFA /* TrellCloneTests.swift */,
				6139B65C24CBEB6D00D9ACFA /* Info.plist */,
			);
			path = TrellCloneTests;
			sourceTree = "<group>";
		};
		6139B66424CBEB6D00D9ACFA /* TrellCloneUITests */ = {
			isa = PBXGroup;
			children = (
				6139B66524CBEB6D00D9ACFA /* TrellCloneUITests.swift */,
				6139B66724CBEB6D00D9ACFA /* Info.plist */,
			);
			path = TrellCloneUITests;
			sourceTree = "<group>";
		};
/* End PBXGroup section */

/* Begin PBXNativeTarget section */
		6139B63F24CBEB6B00D9ACFA /* TrellClone */ = {
			isa = PBXNativeTarget;
			buildConfigurationList = 6139B66A24CBEB6D00D9ACFA /* Build configuration list for PBXNativeTarget "TrellClone" */;
			buildPhases = (
				6139B63C24CBEB6B00D9ACFA /* Sources */,
				6139B63D24CBEB6B00D9ACFA /* Frameworks */,
				6139B63E24CBEB6B00D9ACFA /* Resources */,
			);
			buildRules = (
			);
			dependencies = (
			);
			name = TrellClone;
			productName = TrellClone;
			productReference = 6139B64024CBEB6B00D9ACFA /* TrellClone.app */;
			productType = "com.apple.product-type.application";
		};
		6139B65524CBEB6D00D9ACFA /* TrellCloneTests */ = {
			isa = PBXNativeTarget;
			buildConfigurationList = 6139B66D24CBEB6D00D9ACFA /* Build configuration list for PBXNativeTarget "TrellCloneTests" */;
			buildPhases = (
				6139B65224CBEB6D00D9ACFA /* Sources */,
				6139B65324CBEB6D00D9ACFA /* Frameworks */,
				6139B65424CBEB6D00D9ACFA /* Resources */,
			);
			buildRules = (
			);
			dependencies = (
				6139B65824CBEB6D00D9ACFA /* PBXTargetDependency */,
			);
			name = TrellCloneTests;
			productName = TrellCloneTests;
			productReference = 6139B65624CBEB6D00D9ACFA /* TrellCloneTests.xctest */;
			productType = "com.apple.product-type.bundle.unit-test";
		};
		6139B66024CBEB6D00D9ACFA /* TrellCloneUITests */ = {
			isa = PBXNativeTarget;
			buildConfigurationList = 6139B67024CBEB6D00D9ACFA /* Build configuration list for PBXNativeTarget "TrellCloneUITests" */;
			buildPhases = (
				6139B65D24CBEB6D00D9ACFA /* Sources */,
				6139B65E24CBEB6D00D9ACFA /* Frameworks */,
				6139B65F24CBEB6D00D9ACFA /* Resources */,
			);
			buildRules = (
			);
			dependencies = (
				6139B66324CBEB6D00D9ACFA /* PBXTargetDependency */,
			);
			name = TrellCloneUITests;
			productName = TrellCloneUITests;
			productReference = 6139B66124CBEB6D00D9ACFA /* TrellCloneUITests.xctest */;
			productType = "com.apple.product-type.bundle.ui-testing";
		};
/* End PBXNativeTarget section */

/* Begin PBXProject section */
		6139B63824CBEB6B00D9ACFA /* Project object */ = {
			isa = PBXProject;
			attributes = {
				LastSwiftUpdateCheck = 1150;
				LastUpgradeCheck = 1150;
				ORGANIZATIONNAME = "Pratik Lodha";
				TargetAttributes = {
					6139B63F24CBEB6B00D9ACFA = {
						CreatedOnToolsVersion = 11.5;
					};
					6139B65524CBEB6D00D9ACFA = {
						CreatedOnToolsVersion = 11.5;
						TestTargetID = 6139B63F24CBEB6B00D9ACFA;
					};
					6139B66024CBEB6D00D9ACFA = {
						CreatedOnToolsVersion = 11.5;
						TestTargetID = 6139B63F24CBEB6B00D9ACFA;
					};
				};
			};
			buildConfigurationList = 6139B63B24CBEB6B00D9ACFA /* Build configuration list for PBXProject "TrellClone" */;
			compatibilityVersion = "Xcode 9.3";
			developmentRegion = en;
			hasScannedForEncodings = 0;
			knownRegions = (
				en,
				Base,
			);
			mainGroup = 6139B63724CBEB6B00D9ACFA;
			productRefGroup = 6139B64124CBEB6B00D9ACFA /* Products */;
			projectDirPath = "";
			projectRoot = "";
			targets = (
				6139B63F24CBEB6B00D9ACFA /* TrellClone */,
				6139B65524CBEB6D00D9ACFA /* TrellCloneTests */,
				6139B66024CBEB6D00D9ACFA /* TrellCloneUITests */,
			);
		};
/* End PBXProject section */

/* Begin PBXResourcesBuildPhase section */
		6139B63E24CBEB6B00D9ACFA /* Resources */ = {
			isa = PBXResourcesBuildPhase;
			buildActionMask = 2147483647;
			files = (
				6139B65024CBEB6C00D9ACFA /* LaunchScreen.storyboard in Resources */,
				6139B64D24CBEB6C00D9ACFA /* Assets.xcassets in Resources */,
				6139B64B24CBEB6B00D9ACFA /* Main.storyboard in Resources */,
			);
			runOnlyForDeploymentPostprocessing = 0;
		};
		6139B65424CBEB6D00D9ACFA /* Resources */ = {
			isa = PBXResourcesBuildPhase;
			buildActionMask = 2147483647;
			files = (
			);
			runOnlyForDeploymentPostprocessing = 0;
		};
		6139B65F24CBEB6D00D9ACFA /* Resources */ = {
			isa = PBXResourcesBuildPhase;
			buildActionMask = 2147483647;
			files = (
			);
			runOnlyForDeploymentPostprocessing = 0;
		};
/* End PBXResourcesBuildPhase section */

/* Begin PBXSourcesBuildPhase section */
		6139B63C24CBEB6B00D9ACFA /* Sources */ = {
			isa = PBXSourcesBuildPhase;
			buildActionMask = 2147483647;
			files = (
				6139B67424CBEC3700D9ACFA /* CollectionViewController.swift in Sources */,
				6139B64424CBEB6B00D9ACFA /* AppDelegate.swift in Sources */,
				6139B67624CBEF5200D9ACFA /* CollectionViewCell.swift in Sources */,
				6139B64624CBEB6B00D9ACFA /* SceneDelegate.swift in Sources */,
			);
			runOnlyForDeploymentPostprocessing = 0;
		};
		6139B65224CBEB6D00D9ACFA /* Sources */ = {
			isa = PBXSourcesBuildPhase;
			buildActionMask = 2147483647;
			files = (
				6139B65B24CBEB6D00D9ACFA /* TrellCloneTests.swift in Sources */,
			);
			runOnlyForDeploymentPostprocessing = 0;
		};
		6139B65D24CBEB6D00D9ACFA /* Sources */ = {
			isa = PBXSourcesBuildPhase;
			buildActionMask = 2147483647;
			files = (
				6139B66624CBEB6D00D9ACFA /* TrellCloneUITests.swift in Sources */,
			);
			runOnlyForDeploymentPostprocessing = 0;
		};
/* End PBXSourcesBuildPhase section */

/* Begin PBXTargetDependency section */
		6139B65824CBEB6D00D9ACFA /* PBXTargetDependency */ = {
			isa = PBXTargetDependency;
			target = 6139B63F24CBEB6B00D9ACFA /* TrellClone */;
			targetProxy = 6139B65724CBEB6D00D9ACFA /* PBXContainerItemProxy */;
		};
		6139B66324CBEB6D00D9ACFA /* PBXTargetDependency */ = {
			isa = PBXTargetDependency;
			target = 6139B63F24CBEB6B00D9ACFA /* TrellClone */;
			targetProxy = 6139B66224CBEB6D00D9ACFA /* PBXContainerItemProxy */;
		};
/* End PBXTargetDependency section */

/* Begin PBXVariantGroup section */
		6139B64924CBEB6B00D9ACFA /* Main.storyboard */ = {
			isa = PBXVariantGroup;
			children = (
				6139B64A24CBEB6B00D9ACFA /* Base */,
			);
			name = Main.storyboard;
			sourceTree = "<group>";
		};
		6139B64E24CBEB6C00D9ACFA /* LaunchScreen.storyboard */ = {
			isa = PBXVariantGroup;
			children = (
				6139B64F24CBEB6C00D9ACFA /* Base */,
			);
			name = LaunchScreen.storyboard;
			sourceTree = "<group>";
		};
/* End PBXVariantGroup section */

/* Begin XCBuildConfiguration section */
		6139B66824CBEB6D00D9ACFA /* Debug */ = {
			isa = XCBuildConfiguration;
			buildSettings = {
				ALWAYS_SEARCH_USER_PATHS = NO;
				CLANG_ANALYZER_NONNULL = YES;
				CLANG_ANALYZER_NUMBER_OBJECT_CONVERSION = YES_AGGRESSIVE;
				CLANG_CXX_LANGUAGE_STANDARD = "gnu++14";
				CLANG_CXX_LIBRARY = "libc++";
				CLANG_ENABLE_MODULES = YES;
				CLANG_ENABLE_OBJC_ARC = YES;
				CLANG_ENABLE_OBJC_WEAK = YES;
				CLANG_WARN_BLOCK_CAPTURE_AUTORELEASING = YES;
				CLANG_WARN_BOOL_CONVERSION = YES;
				CLANG_WARN_COMMA = YES;
				CLANG_WARN_CONSTANT_CONVERSION = YES;
				CLANG_WARN_DEPRECATED_OBJC_IMPLEMENTATIONS = YES;
				CLANG_WARN_DIRECT_OBJC_ISA_USAGE = YES_ERROR;
				CLANG_WARN_DOCUMENTATION_COMMENTS = YES;
				CLANG_WARN_EMPTY_BODY = YES;
				CLANG_WARN_ENUM_CONVERSION = YES;
				CLANG_WARN_INFINITE_RECURSION = YES;
				CLANG_WARN_INT_CONVERSION = YES;
				CLANG_WARN_NON_LITERAL_NULL_CONVERSION = YES;
				CLANG_WARN_OBJC_IMPLICIT_RETAIN_SELF = YES;
				CLANG_WARN_OBJC_LITERAL_CONVERSION = YES;
				CLANG_WARN_OBJC_ROOT_CLASS = YES_ERROR;
				CLANG_WARN_RANGE_LOOP_ANALYSIS = YES;
				CLANG_WARN_STRICT_PROTOTYPES = YES;
				CLANG_WARN_SUSPICIOUS_MOVE = YES;
				CLANG_WARN_UNGUARDED_AVAILABILITY = YES_AGGRESSIVE;
				CLANG_WARN_UNREACHABLE_CODE = YES;
				CLANG_WARN__DUPLICATE_METHOD_MATCH = YES;
				COPY_PHASE_STRIP = NO;
				DEBUG_INFORMATION_FORMAT = dwarf;
				ENABLE_STRICT_OBJC_MSGSEND = YES;
				ENABLE_TESTABILITY = YES;
				GCC_C_LANGUAGE_STANDARD = gnu11;
				GCC_DYNAMIC_NO_PIC = NO;
				GCC_NO_COMMON_BLOCKS = YES;
				GCC_OPTIMIZATION_LEVEL = 0;
				GCC_PREPROCESSOR_DEFINITIONS = (
					"DEBUG=1",
					"$(inherited)",
				);
				GCC_WARN_64_TO_32_BIT_CONVERSION = YES;
				GCC_WARN_ABOUT_RETURN_TYPE = YES_ERROR;
				GCC_WARN_UNDECLARED_SELECTOR = YES;
				GCC_WARN_UNINITIALIZED_AUTOS = YES_AGGRESSIVE;
				GCC_WARN_UNUSED_FUNCTION = YES;
				GCC_WARN_UNUSED_VARIABLE = YES;
				IPHONEOS_DEPLOYMENT_TARGET = 13.5;
				MTL_ENABLE_DEBUG_INFO = INCLUDE_SOURCE;
				MTL_FAST_MATH = YES;
				ONLY_ACTIVE_ARCH = YES;
				SDKROOT = iphoneos;
				SWIFT_ACTIVE_COMPILATION_CONDITIONS = DEBUG;
				SWIFT_OPTIMIZATION_LEVEL = "-Onone";
			};
			name = Debug;
		};
		6139B66924CBEB6D00D9ACFA /* Release */ = {
			isa = XCBuildConfiguration;
			buildSettings = {
				ALWAYS_SEARCH_USER_PATHS = NO;
				CLANG_ANALYZER_NONNULL = YES;
				CLANG_ANALYZER_NUMBER_OBJECT_CONVERSION = YES_AGGRESSIVE;
				CLANG_CXX_LANGUAGE_STANDARD = "gnu++14";
				CLANG_CXX_LIBRARY = "libc++";
				CLANG_ENABLE_MODULES = YES;
				CLANG_ENABLE_OBJC_ARC = YES;
				CLANG_ENABLE_OBJC_WEAK = YES;
				CLANG_WARN_BLOCK_CAPTURE_AUTORELEASING = YES;
				CLANG_WARN_BOOL_CONVERSION = YES;
				CLANG_WARN_COMMA = YES;
				CLANG_WARN_CONSTANT_CONVERSION = YES;
				CLANG_WARN_DEPRECATED_OBJC_IMPLEMENTATIONS = YES;
				CLANG_WARN_DIRECT_OBJC_ISA_USAGE = YES_ERROR;
				CLANG_WARN_DOCUMENTATION_COMMENTS = YES;
				CLANG_WARN_EMPTY_BODY = YES;
				CLANG_WARN_ENUM_CONVERSION = YES;
				CLANG_WARN_INFINITE_RECURSION = YES;
				CLANG_WARN_INT_CONVERSION = YES;
				CLANG_WARN_NON_LITERAL_NULL_CONVERSION = YES;
				CLANG_WARN_OBJC_IMPLICIT_RETAIN_SELF = YES;
				CLANG_WARN_OBJC_LITERAL_CONVERSION = YES;
				CLANG_WARN_OBJC_ROOT_CLASS = YES_ERROR;
				CLANG_WARN_RANGE_LOOP_ANALYSIS = YES;
				CLANG_WARN_STRICT_PROTOTYPES = YES;
				CLANG_WARN_SUSPICIOUS_MOVE = YES;
				CLANG_WARN_UNGUARDED_AVAILABILITY = YES_AGGRESSIVE;
				CLANG_WARN_UNREACHABLE_CODE = YES;
				CLANG_WARN__DUPLICATE_METHOD_MATCH = YES;
				COPY_PHASE_STRIP = NO;
				DEBUG_INFORMATION_FORMAT = "dwarf-with-dsym";
				ENABLE_NS_ASSERTIONS = NO;
				ENABLE_STRICT_OBJC_MSGSEND = YES;
				GCC_C_LANGUAGE_STANDARD = gnu11;
				GCC_NO_COMMON_BLOCKS = YES;
				GCC_WARN_64_TO_32_BIT_CONVERSION = YES;
				GCC_WARN_ABOUT_RETURN_TYPE = YES_ERROR;
				GCC_WARN_UNDECLARED_SELECTOR = YES;
				GCC_WARN_UNINITIALIZED_AUTOS = YES_AGGRESSIVE;
				GCC_WARN_UNUSED_FUNCTION = YES;
				GCC_WARN_UNUSED_VARIABLE = YES;
				IPHONEOS_DEPLOYMENT_TARGET = 13.5;
				MTL_ENABLE_DEBUG_INFO = NO;
				MTL_FAST_MATH = YES;
				SDKROOT = iphoneos;
				SWIFT_COMPILATION_MODE = wholemodule;
				SWIFT_OPTIMIZATION_LEVEL = "-O";
				VALIDATE_PRODUCT = YES;
			};
			name = Release;
		};
		6139B66B24CBEB6D00D9ACFA /* Debug */ = {
			isa = XCBuildConfiguration;
			buildSettings = {
				ASSETCATALOG_COMPILER_APPICON_NAME = AppIcon;
				CODE_SIGN_STYLE = Automatic;
				DEVELOPMENT_TEAM = 5JVS859SXW;
				INFOPLIST_FILE = TrellClone/Info.plist;
				LD_RUNPATH_SEARCH_PATHS = (
					"$(inherited)",
					"@executable_path/Frameworks",
				);
				PRODUCT_BUNDLE_IDENTIFIER = com.pratiklodha.TrellClone;
				PRODUCT_NAME = "$(TARGET_NAME)";
				SWIFT_VERSION = 5.0;
				TARGETED_DEVICE_FAMILY = "1,2";
			};
			name = Debug;
		};
		6139B66C24CBEB6D00D9ACFA /* Release */ = {
			isa = XCBuildConfiguration;
			buildSettings = {
				ASSETCATALOG_COMPILER_APPICON_NAME = AppIcon;
				CODE_SIGN_STYLE = Automatic;
				DEVELOPMENT_TEAM = 5JVS859SXW;
				INFOPLIST_FILE = TrellClone/Info.plist;
				LD_RUNPATH_SEARCH_PATHS = (
					"$(inherited)",
					"@executable_path/Frameworks",
				);
				PRODUCT_BUNDLE_IDENTIFIER = com.pratiklodha.TrellClone;
				PRODUCT_NAME = "$(TARGET_NAME)";
				SWIFT_VERSION = 5.0;
				TARGETED_DEVICE_FAMILY = "1,2";
			};
			name = Release;
		};
		6139B66E24CBEB6D00D9ACFA /* Debug */ = {
			isa = XCBuildConfiguration;
			buildSettings = {
				ALWAYS_EMBED_SWIFT_STANDARD_LIBRARIES = YES;
				BUNDLE_LOADER = "$(TEST_HOST)";
				CODE_SIGN_STYLE = Automatic;
				DEVELOPMENT_TEAM = 5JVS859SXW;
				INFOPLIST_FILE = TrellCloneTests/Info.plist;
				IPHONEOS_DEPLOYMENT_TARGET = 13.5;
				LD_RUNPATH_SEARCH_PATHS = (
					"$(inherited)",
					"@executable_path/Frameworks",
					"@loader_path/Frameworks",
				);
				PRODUCT_BUNDLE_IDENTIFIER = com.pratiklodha.TrellCloneTests;
				PRODUCT_NAME = "$(TARGET_NAME)";
				SWIFT_VERSION = 5.0;
				TARGETED_DEVICE_FAMILY = "1,2";
				TEST_HOST = "$(BUILT_PRODUCTS_DIR)/TrellClone.app/TrellClone";
			};
			name = Debug;
		};
		6139B66F24CBEB6D00D9ACFA /* Release */ = {
			isa = XCBuildConfiguration;
			buildSettings = {
				ALWAYS_EMBED_SWIFT_STANDARD_LIBRARIES = YES;
				BUNDLE_LOADER = "$(TEST_HOST)";
				CODE_SIGN_STYLE = Automatic;
				DEVELOPMENT_TEAM = 5JVS859SXW;
				INFOPLIST_FILE = TrellCloneTests/Info.plist;
				IPHONEOS_DEPLOYMENT_TARGET = 13.5;
				LD_RUNPATH_SEARCH_PATHS = (
					"$(inherited)",
					"@executable_path/Frameworks",
					"@loader_path/Frameworks",
				);
				PRODUCT_BUNDLE_IDENTIFIER = com.pratiklodha.TrellCloneTests;
				PRODUCT_NAME = "$(TARGET_NAME)";
				SWIFT_VERSION = 5.0;
				TARGETED_DEVICE_FAMILY = "1,2";
				TEST_HOST = "$(BUILT_PRODUCTS_DIR)/TrellClone.app/TrellClone";
			};
			name = Release;
		};
		6139B67124CBEB6D00D9ACFA /* Debug */ = {
			isa = XCBuildConfiguration;
			buildSettings = {
				ALWAYS_EMBED_SWIFT_STANDARD_LIBRARIES = YES;
				CODE_SIGN_STYLE = Automatic;
				DEVELOPMENT_TEAM = 5JVS859SXW;
				INFOPLIST_FILE = TrellCloneUITests/Info.plist;
				LD_RUNPATH_SEARCH_PATHS = (
					"$(inherited)",
					"@executable_path/Frameworks",
					"@loader_path/Frameworks",
				);
				PRODUCT_BUNDLE_IDENTIFIER = com.pratiklodha.TrellCloneUITests;
				PRODUCT_NAME = "$(TARGET_NAME)";
				SWIFT_VERSION = 5.0;
				TARGETED_DEVICE_FAMILY = "1,2";
				TEST_TARGET_NAME = TrellClone;
			};
			name = Debug;
		};
		6139B67224CBEB6D00D9ACFA /* Release */ = {
			isa = XCBuildConfiguration;
			buildSettings = {
				ALWAYS_EMBED_SWIFT_STANDARD_LIBRARIES = YES;
				CODE_SIGN_STYLE = Automatic;
				DEVELOPMENT_TEAM = 5JVS859SXW;
				INFOPLIST_FILE = TrellCloneUITests/Info.plist;
				LD_RUNPATH_SEARCH_PATHS = (
					"$(inherited)",
					"@executable_path/Frameworks",
					"@loader_path/Frameworks",
				);
				PRODUCT_BUNDLE_IDENTIFIER = com.pratiklodha.TrellCloneUITests;
				PRODUCT_NAME = "$(TARGET_NAME)";
				SWIFT_VERSION = 5.0;
				TARGETED_DEVICE_FAMILY = "1,2";
				TEST_TARGET_NAME = TrellClone;
			};
			name = Release;
		};
/* End XCBuildConfiguration section */

/* Begin XCConfigurationList section */
		6139B63B24CBEB6B00D9ACFA /* Build configuration list for PBXProject "TrellClone" */ = {
			isa = XCConfigurationList;
			buildConfigurations = (
				6139B66824CBEB6D00D9ACFA /* Debug */,
				6139B66924CBEB6D00D9ACFA /* Release */,
			);
			defaultConfigurationIsVisible = 0;
			defaultConfigurationName = Release;
		};
		6139B66A24CBEB6D00D9ACFA /* Build configuration list for PBXNativeTarget "TrellClone" */ = {
			isa = XCConfigurationList;
			buildConfigurations = (
				6139B66B24CBEB6D00D9ACFA /* Debug */,
				6139B66C24CBEB6D00D9ACFA /* Release */,
			);
			defaultConfigurationIsVisible = 0;
			defaultConfigurationName = Release;
		};
		6139B66D24CBEB6D00D9ACFA /* Build configuration list for PBXNativeTarget "TrellCloneTests" */ = {
			isa = XCConfigurationList;
			buildConfigurations = (
				6139B66E24CBEB6D00D9ACFA /* Debug */,
				6139B66F24CBEB6D00D9ACFA /* Release */,
			);
			defaultConfigurationIsVisible = 0;
			defaultConfigurationName = Release;
		};
		6139B67024CBEB6D00D9ACFA /* Build configuration list for PBXNativeTarget "TrellCloneUITests" */ = {
			isa = XCConfigurationList;
			buildConfigurations = (
				6139B67124CBEB6D00D9ACFA /* Debug */,
				6139B67224CBEB6D00D9ACFA /* Release */,
			);
			defaultConfigurationIsVisible = 0;
			defaultConfigurationName = Release;
		};
/* End XCConfigurationList section */
	};
	rootObject = 6139B63824CBEB6B00D9ACFA /* Project object */;
}
